
Microsoft Visual Studio Solution File, Format Version 12.00
Project("{2150E333-8FDC-42A3-9474-1A3956D46DE8}") = "src", "src", "{9A832CE7-0E27-44D9-869D-9578765192DE}"
EndProject
Project("{2150E333-8FDC-42A3-9474-1A3956D46DE8}") = "test", "test", "{98D564FB-6153-4065-94EF-A1FF24422BDA}"
EndProject
Project("{2150E333-8FDC-42A3-9474-1A3956D46DE8}") = "Core", "Core", "{65C52CCB-FA66-4991-B65A-6C6D76E1F9F8}"
EndProject
Project("{2150E333-8FDC-42A3-9474-1A3956D46DE8}") = "Persistence", "Persistence", "{B523F137-10C5-4A9B-976D-DBDBB91146A8}"
EndProject
Project("{2150E333-8FDC-42A3-9474-1A3956D46DE8}") = "Application", "src\Application\Finance.Application\Finance.Application.csproj", "{DBE689EB-0AF0-4B0A-9613-E04670E7C8C9}"
EndProject
Project("{2150E333-8FDC-42A3-9474-1A3956D46DE8}") = "Presentation", "Presentation", "{50C6936E-40D2-4781-B60E-5DE9E7D7630B}"
EndProject
Project("{FAE04EC0-301F-11D3-BF4B-00C04F79EFBC}") = "Finance.Infrastructure", "src\Persistence\Finance.Infrastructure\Finance.Infrastructure.csproj", "{EC36DAD0-F0B9-4FD2-9E9E-BA4BAF3BBACD}"
EndProject
Project("{FAE04EC0-301F-11D3-BF4B-00C04F79EFBC}") = "Finance.Domain", "src\Core\Finance.Domain\Finance.Domain.csproj", "{918C8556-AB8B-445C-AA5E-02E36EE99E63}"
EndProject
Project("{FAE04EC0-301F-11D3-BF4B-00C04F79EFBC}") = "Finance.Api", "src\Presentation\Finance.Api\Finance.Api.csproj", "{FF504045-689A-4229-BABF-E1D9756B28BA}"
EndProject
Project("{FAE04EC0-301F-11D3-BF4B-00C04F79EFBC}") = "Finance.Application", "src\Application\Finance.Application\Finance.Application.csproj", "{3ACA688D-EC04-4018-AC4A-A41101637B02}"
EndProject
Project("{FAE04EC0-301F-11D3-BF4B-00C04F79EFBC}") = "Finance.Communication", "src\Presentation\Finance.Communication\Finance.Communication.csproj", "{045E5F2C-0151-4EC4-9358-51F8AD3EE734}"
EndProject
Global
	GlobalSection(SolutionConfigurationPlatforms) = preSolution
		Debug|Any CPU = Debug|Any CPU
		Release|Any CPU = Release|Any CPU
	EndGlobalSection
	GlobalSection(NestedProjects) = preSolution
		{65C52CCB-FA66-4991-B65A-6C6D76E1F9F8} = {9A832CE7-0E27-44D9-869D-9578765192DE}
		{B523F137-10C5-4A9B-976D-DBDBB91146A8} = {9A832CE7-0E27-44D9-869D-9578765192DE}
		{DBE689EB-0AF0-4B0A-9613-E04670E7C8C9} = {9A832CE7-0E27-44D9-869D-9578765192DE}
		{50C6936E-40D2-4781-B60E-5DE9E7D7630B} = {9A832CE7-0E27-44D9-869D-9578765192DE}
		{EC36DAD0-F0B9-4FD2-9E9E-BA4BAF3BBACD} = {B523F137-10C5-4A9B-976D-DBDBB91146A8}
		{918C8556-AB8B-445C-AA5E-02E36EE99E63} = {65C52CCB-FA66-4991-B65A-6C6D76E1F9F8}
		{FF504045-689A-4229-BABF-E1D9756B28BA} = {50C6936E-40D2-4781-B60E-5DE9E7D7630B}
		{3ACA688D-EC04-4018-AC4A-A41101637B02} = {DBE689EB-0AF0-4B0A-9613-E04670E7C8C9}
		{045E5F2C-0151-4EC4-9358-51F8AD3EE734} = {50C6936E-40D2-4781-B60E-5DE9E7D7630B}
	EndGlobalSection
	GlobalSection(ProjectConfigurationPlatforms) = postSolution
		{EC36DAD0-F0B9-4FD2-9E9E-BA4BAF3BBACD}.Debug|Any CPU.ActiveCfg = Debug|Any CPU
		{EC36DAD0-F0B9-4FD2-9E9E-BA4BAF3BBACD}.Debug|Any CPU.Build.0 = Debug|Any CPU
		{EC36DAD0-F0B9-4FD2-9E9E-BA4BAF3BBACD}.Release|Any CPU.ActiveCfg = Release|Any CPU
		{EC36DAD0-F0B9-4FD2-9E9E-BA4BAF3BBACD}.Release|Any CPU.Build.0 = Release|Any CPU
		{918C8556-AB8B-445C-AA5E-02E36EE99E63}.Debug|Any CPU.ActiveCfg = Debug|Any CPU
		{918C8556-AB8B-445C-AA5E-02E36EE99E63}.Debug|Any CPU.Build.0 = Debug|Any CPU
		{918C8556-AB8B-445C-AA5E-02E36EE99E63}.Release|Any CPU.ActiveCfg = Release|Any CPU
		{918C8556-AB8B-445C-AA5E-02E36EE99E63}.Release|Any CPU.Build.0 = Release|Any CPU
		{FF504045-689A-4229-BABF-E1D9756B28BA}.Debug|Any CPU.ActiveCfg = Debug|Any CPU
		{FF504045-689A-4229-BABF-E1D9756B28BA}.Debug|Any CPU.Build.0 = Debug|Any CPU
		{FF504045-689A-4229-BABF-E1D9756B28BA}.Release|Any CPU.ActiveCfg = Release|Any CPU
		{FF504045-689A-4229-BABF-E1D9756B28BA}.Release|Any CPU.Build.0 = Release|Any CPU
		{3ACA688D-EC04-4018-AC4A-A41101637B02}.Debug|Any CPU.ActiveCfg = Debug|Any CPU
		{3ACA688D-EC04-4018-AC4A-A41101637B02}.Debug|Any CPU.Build.0 = Debug|Any CPU
		{3ACA688D-EC04-4018-AC4A-A41101637B02}.Release|Any CPU.ActiveCfg = Release|Any CPU
		{3ACA688D-EC04-4018-AC4A-A41101637B02}.Release|Any CPU.Build.0 = Release|Any CPU
		{045E5F2C-0151-4EC4-9358-51F8AD3EE734}.Debug|Any CPU.ActiveCfg = Debug|Any CPU
		{045E5F2C-0151-4EC4-9358-51F8AD3EE734}.Debug|Any CPU.Build.0 = Debug|Any CPU
		{045E5F2C-0151-4EC4-9358-51F8AD3EE734}.Release|Any CPU.ActiveCfg = Release|Any CPU
		{045E5F2C-0151-4EC4-9358-51F8AD3EE734}.Release|Any CPU.Build.0 = Release|Any CPU
	EndGlobalSection
EndGlobal
